{
  "version": 4,
  "terraform_version": "1.1.7",
  "serial": 35,
  "lineage": "a178945c-c1cd-084e-d619-9be55dc25bf5",
  "outputs": {},
  "resources": [
    {
      "mode": "data",
      "type": "azurerm_public_ip",
      "name": "ip-tarefa",
      "provider": "provider[\"registry.terraform.io/hashicorp/azurerm\"]",
      "instances": [
        {
          "schema_version": 0,
          "attributes": {
            "allocation_method": "Static",
            "domain_name_label": "",
            "fqdn": "",
            "id": "/subscriptions/2ed610a2-b02c-4dcb-aaf8-c7ca6c810d1f/resourceGroups/tarefainfracloudterraform/providers/Microsoft.Network/publicIPAddresses/ip-tarefa",
            "idle_timeout_in_minutes": 4,
            "ip_address": "20.213.144.78",
            "ip_tags": {},
            "ip_version": "IPv4",
            "location": "australiaeast",
            "name": "ip-tarefa",
            "resource_group_name": "tarefainfracloudterraform",
            "reverse_fqdn": "",
            "sku": "Basic",
            "tags": {
              "environment": "Production"
            },
            "timeouts": null,
            "zones": []
          },
          "sensitive_attributes": []
        }
      ]
    },
    {
      "mode": "managed",
      "type": "azurerm_network_interface",
      "name": "nic-tarefainfra",
      "provider": "provider[\"registry.terraform.io/hashicorp/azurerm\"]",
      "instances": [
        {
          "schema_version": 0,
          "attributes": {
            "applied_dns_servers": [],
            "dns_servers": [],
            "edge_zone": "",
            "enable_accelerated_networking": false,
            "enable_ip_forwarding": false,
            "id": "/subscriptions/2ed610a2-b02c-4dcb-aaf8-c7ca6c810d1f/resourceGroups/tarefainfracloudterraform/providers/Microsoft.Network/networkInterfaces/nic-tarefa",
            "internal_dns_name_label": "",
            "internal_domain_name_suffix": "l5d34bl22ntu5ogtbejuvxmyid.px.internal.cloudapp.net",
            "ip_configuration": [
              {
                "gateway_load_balancer_frontend_ip_configuration_id": "",
                "name": "ip-tarefa-nic",
                "primary": true,
                "private_ip_address": "10.0.1.4",
                "private_ip_address_allocation": "Dynamic",
                "private_ip_address_version": "IPv4",
                "public_ip_address_id": "/subscriptions/2ed610a2-b02c-4dcb-aaf8-c7ca6c810d1f/resourceGroups/tarefainfracloudterraform/providers/Microsoft.Network/publicIPAddresses/ip-tarefa",
                "subnet_id": "/subscriptions/2ed610a2-b02c-4dcb-aaf8-c7ca6c810d1f/resourceGroups/tarefainfracloudterraform/providers/Microsoft.Network/virtualNetworks/vnet-tarefa/subnets/sub-tarefa"
              }
            ],
            "location": "australiaeast",
            "mac_address": "00-0D-3A-CA-82-47",
            "name": "nic-tarefa",
            "private_ip_address": "10.0.1.4",
            "private_ip_addresses": [
              "10.0.1.4"
            ],
            "resource_group_name": "tarefainfracloudterraform",
            "tags": {},
            "timeouts": null,
            "virtual_machine_id": "/subscriptions/2ed610a2-b02c-4dcb-aaf8-c7ca6c810d1f/resourceGroups/tarefainfracloudterraform/providers/Microsoft.Compute/virtualMachines/vm-tarefa"
          },
          "sensitive_attributes": [],
          "private": "eyJlMmJmYjczMC1lY2FhLTExZTYtOGY4OC0zNDM2M2JjN2M0YzAiOnsiY3JlYXRlIjoxODAwMDAwMDAwMDAwLCJkZWxldGUiOjE4MDAwMDAwMDAwMDAsInJlYWQiOjMwMDAwMDAwMDAwMCwidXBkYXRlIjoxODAwMDAwMDAwMDAwfX0=",
          "dependencies": [
            "azurerm_public_ip.ip-tarefainfra",
            "azurerm_resource_group.rg-tarefainfracloud",
            "azurerm_subnet.sub-tarefainfra",
            "azurerm_virtual_network.vnet-tarefainfra"
          ]
        }
      ]
    },
    {
      "mode": "managed",
      "type": "azurerm_network_interface_security_group_association",
      "name": "nic-nsg-tarefainfra",
      "provider": "provider[\"registry.terraform.io/hashicorp/azurerm\"]",
      "instances": [
        {
          "schema_version": 0,
          "attributes": {
            "id": "/subscriptions/2ed610a2-b02c-4dcb-aaf8-c7ca6c810d1f/resourceGroups/tarefainfracloudterraform/providers/Microsoft.Network/networkInterfaces/nic-tarefa|/subscriptions/2ed610a2-b02c-4dcb-aaf8-c7ca6c810d1f/resourceGroups/tarefainfracloudterraform/providers/Microsoft.Network/networkSecurityGroups/nsg-tarefa",
            "network_interface_id": "/subscriptions/2ed610a2-b02c-4dcb-aaf8-c7ca6c810d1f/resourceGroups/tarefainfracloudterraform/providers/Microsoft.Network/networkInterfaces/nic-tarefa",
            "network_security_group_id": "/subscriptions/2ed610a2-b02c-4dcb-aaf8-c7ca6c810d1f/resourceGroups/tarefainfracloudterraform/providers/Microsoft.Network/networkSecurityGroups/nsg-tarefa",
            "timeouts": null
          },
          "sensitive_attributes": [],
          "private": "eyJlMmJmYjczMC1lY2FhLTExZTYtOGY4OC0zNDM2M2JjN2M0YzAiOnsiY3JlYXRlIjoxODAwMDAwMDAwMDAwLCJkZWxldGUiOjE4MDAwMDAwMDAwMDAsInJlYWQiOjMwMDAwMDAwMDAwMCwidXBkYXRlIjoxODAwMDAwMDAwMDAwfX0=",
          "dependencies": [
            "azurerm_network_interface.nic-tarefainfra",
            "azurerm_network_security_group.nsg-tarefainfra",
            "azurerm_public_ip.ip-tarefainfra",
            "azurerm_resource_group.rg-tarefainfracloud",
            "azurerm_subnet.sub-tarefainfra",
            "azurerm_virtual_network.vnet-tarefainfra"
          ]
        }
      ]
    },
    {
      "mode": "managed",
      "type": "azurerm_network_security_group",
      "name": "nsg-tarefainfra",
      "provider": "provider[\"registry.terraform.io/hashicorp/azurerm\"]",
      "instances": [
        {
          "schema_version": 0,
          "attributes": {
            "id": "/subscriptions/2ed610a2-b02c-4dcb-aaf8-c7ca6c810d1f/resourceGroups/tarefainfracloudterraform/providers/Microsoft.Network/networkSecurityGroups/nsg-tarefa",
            "location": "australiaeast",
            "name": "nsg-tarefa",
            "resource_group_name": "tarefainfracloudterraform",
            "security_rule": [
              {
                "access": "Allow",
                "description": "",
                "destination_address_prefix": "*",
                "destination_address_prefixes": [],
                "destination_application_security_group_ids": [],
                "destination_port_range": "22",
                "destination_port_ranges": [],
                "direction": "Inbound",
                "name": "SSH",
                "priority": 1001,
                "protocol": "Tcp",
                "source_address_prefix": "*",
                "source_address_prefixes": [],
                "source_application_security_group_ids": [],
                "source_port_range": "*",
                "source_port_ranges": []
              },
              {
                "access": "Allow",
                "description": "",
                "destination_address_prefix": "*",
                "destination_address_prefixes": [],
                "destination_application_security_group_ids": [],
                "destination_port_range": "80",
                "destination_port_ranges": [],
                "direction": "Inbound",
                "name": "web",
                "priority": 1003,
                "protocol": "Tcp",
                "source_address_prefix": "*",
                "source_address_prefixes": [],
                "source_application_security_group_ids": [],
                "source_port_range": "*",
                "source_port_ranges": []
              }
            ],
            "tags": {
              "environment": "Production"
            },
            "timeouts": null
          },
          "sensitive_attributes": [],
          "private": "eyJlMmJmYjczMC1lY2FhLTExZTYtOGY4OC0zNDM2M2JjN2M0YzAiOnsiY3JlYXRlIjoxODAwMDAwMDAwMDAwLCJkZWxldGUiOjE4MDAwMDAwMDAwMDAsInJlYWQiOjMwMDAwMDAwMDAwMCwidXBkYXRlIjoxODAwMDAwMDAwMDAwfX0=",
          "dependencies": [
            "azurerm_resource_group.rg-tarefainfracloud"
          ]
        }
      ]
    },
    {
      "mode": "managed",
      "type": "azurerm_public_ip",
      "name": "ip-tarefainfra",
      "provider": "provider[\"registry.terraform.io/hashicorp/azurerm\"]",
      "instances": [
        {
          "schema_version": 0,
          "attributes": {
            "allocation_method": "Static",
            "domain_name_label": null,
            "edge_zone": "",
            "fqdn": null,
            "id": "/subscriptions/2ed610a2-b02c-4dcb-aaf8-c7ca6c810d1f/resourceGroups/tarefainfracloudterraform/providers/Microsoft.Network/publicIPAddresses/ip-tarefa",
            "idle_timeout_in_minutes": 4,
            "ip_address": "20.213.144.78",
            "ip_tags": {},
            "ip_version": "IPv4",
            "location": "australiaeast",
            "name": "ip-tarefa",
            "public_ip_prefix_id": null,
            "resource_group_name": "tarefainfracloudterraform",
            "reverse_fqdn": null,
            "sku": "Basic",
            "sku_tier": "Regional",
            "tags": {
              "environment": "Production"
            },
            "timeouts": null,
            "zones": []
          },
          "sensitive_attributes": [],
          "private": "eyJlMmJmYjczMC1lY2FhLTExZTYtOGY4OC0zNDM2M2JjN2M0YzAiOnsiY3JlYXRlIjoxODAwMDAwMDAwMDAwLCJkZWxldGUiOjE4MDAwMDAwMDAwMDAsInJlYWQiOjMwMDAwMDAwMDAwMCwidXBkYXRlIjoxODAwMDAwMDAwMDAwfX0=",
          "dependencies": [
            "azurerm_resource_group.rg-tarefainfracloud"
          ]
        }
      ]
    },
    {
      "mode": "managed",
      "type": "azurerm_resource_group",
      "name": "rg-tarefainfracloud",
      "provider": "provider[\"registry.terraform.io/hashicorp/azurerm\"]",
      "instances": [
        {
          "schema_version": 0,
          "attributes": {
            "id": "/subscriptions/2ed610a2-b02c-4dcb-aaf8-c7ca6c810d1f/resourceGroups/tarefainfracloudterraform",
            "location": "australiaeast",
            "name": "tarefainfracloudterraform",
            "tags": {},
            "timeouts": null
          },
          "sensitive_attributes": [],
          "private": "eyJlMmJmYjczMC1lY2FhLTExZTYtOGY4OC0zNDM2M2JjN2M0YzAiOnsiY3JlYXRlIjo1NDAwMDAwMDAwMDAwLCJkZWxldGUiOjU0MDAwMDAwMDAwMDAsInJlYWQiOjMwMDAwMDAwMDAwMCwidXBkYXRlIjo1NDAwMDAwMDAwMDAwfX0="
        }
      ]
    },
    {
      "mode": "managed",
      "type": "azurerm_subnet",
      "name": "sub-tarefainfra",
      "provider": "provider[\"registry.terraform.io/hashicorp/azurerm\"]",
      "instances": [
        {
          "schema_version": 0,
          "attributes": {
            "address_prefixes": [
              "10.0.1.0/24"
            ],
            "delegation": [],
            "enforce_private_link_endpoint_network_policies": false,
            "enforce_private_link_service_network_policies": false,
            "id": "/subscriptions/2ed610a2-b02c-4dcb-aaf8-c7ca6c810d1f/resourceGroups/tarefainfracloudterraform/providers/Microsoft.Network/virtualNetworks/vnet-tarefa/subnets/sub-tarefa",
            "name": "sub-tarefa",
            "resource_group_name": "tarefainfracloudterraform",
            "service_endpoint_policy_ids": [],
            "service_endpoints": [],
            "timeouts": null,
            "virtual_network_name": "vnet-tarefa"
          },
          "sensitive_attributes": [],
          "private": "eyJlMmJmYjczMC1lY2FhLTExZTYtOGY4OC0zNDM2M2JjN2M0YzAiOnsiY3JlYXRlIjoxODAwMDAwMDAwMDAwLCJkZWxldGUiOjE4MDAwMDAwMDAwMDAsInJlYWQiOjMwMDAwMDAwMDAwMCwidXBkYXRlIjoxODAwMDAwMDAwMDAwfX0=",
          "dependencies": [
            "azurerm_resource_group.rg-tarefainfracloud",
            "azurerm_virtual_network.vnet-tarefainfra"
          ]
        }
      ]
    },
    {
      "mode": "managed",
      "type": "azurerm_virtual_machine",
      "name": "vm-tarefainfra",
      "provider": "provider[\"registry.terraform.io/hashicorp/azurerm\"]",
      "instances": [
        {
          "schema_version": 0,
          "attributes": {
            "additional_capabilities": [],
            "availability_set_id": null,
            "boot_diagnostics": [],
            "delete_data_disks_on_termination": false,
            "delete_os_disk_on_termination": false,
            "id": "/subscriptions/2ed610a2-b02c-4dcb-aaf8-c7ca6c810d1f/resourceGroups/tarefainfracloudterraform/providers/Microsoft.Compute/virtualMachines/vm-tarefa",
            "identity": [],
            "license_type": null,
            "location": "australiaeast",
            "name": "vm-tarefa",
            "network_interface_ids": [
              "/subscriptions/2ed610a2-b02c-4dcb-aaf8-c7ca6c810d1f/resourceGroups/tarefainfracloudterraform/providers/Microsoft.Network/networkInterfaces/nic-tarefa"
            ],
            "os_profile": [
              {
                "admin_password": "",
                "admin_username": "testeadmin",
                "computer_name": "hostname",
                "custom_data": ""
              }
            ],
            "os_profile_linux_config": [
              {
                "disable_password_authentication": false,
                "ssh_keys": []
              }
            ],
            "os_profile_secrets": [],
            "os_profile_windows_config": [],
            "plan": [],
            "primary_network_interface_id": null,
            "proximity_placement_group_id": null,
            "resource_group_name": "tarefainfracloudterraform",
            "storage_data_disk": [],
            "storage_image_reference": [
              {
                "id": "",
                "offer": "UbuntuServer",
                "publisher": "Canonical",
                "sku": "16.04-LTS",
                "version": "latest"
              }
            ],
            "storage_os_disk": [
              {
                "caching": "ReadWrite",
                "create_option": "FromImage",
                "disk_size_gb": 30,
                "image_uri": "",
                "managed_disk_id": "/subscriptions/2ed610a2-b02c-4dcb-aaf8-c7ca6c810d1f/resourceGroups/tarefainfracloudterraform/providers/Microsoft.Compute/disks/myosdisk1",
                "managed_disk_type": "Standard_LRS",
                "name": "myosdisk1",
                "os_type": "Linux",
                "vhd_uri": "",
                "write_accelerator_enabled": false
              }
            ],
            "tags": {
              "environment": "staging"
            },
            "timeouts": null,
            "vm_size": "Standard_DS1_v2",
            "zones": []
          },
          "sensitive_attributes": [],
          "private": "eyJlMmJmYjczMC1lY2FhLTExZTYtOGY4OC0zNDM2M2JjN2M0YzAiOnsiY3JlYXRlIjozNjAwMDAwMDAwMDAwLCJkZWxldGUiOjM2MDAwMDAwMDAwMDAsInJlYWQiOjMwMDAwMDAwMDAwMCwidXBkYXRlIjozNjAwMDAwMDAwMDAwfX0=",
          "dependencies": [
            "azurerm_network_interface.nic-tarefainfra",
            "azurerm_public_ip.ip-tarefainfra",
            "azurerm_resource_group.rg-tarefainfracloud",
            "azurerm_subnet.sub-tarefainfra",
            "azurerm_virtual_network.vnet-tarefainfra"
          ]
        }
      ]
    },
    {
      "mode": "managed",
      "type": "azurerm_virtual_network",
      "name": "vnet-tarefainfra",
      "provider": "provider[\"registry.terraform.io/hashicorp/azurerm\"]",
      "instances": [
        {
          "schema_version": 0,
          "attributes": {
            "address_space": [
              "10.0.0.0/16"
            ],
            "bgp_community": "",
            "ddos_protection_plan": [],
            "dns_servers": [],
            "edge_zone": "",
            "flow_timeout_in_minutes": 0,
            "guid": "05dfc75f-e37c-4f67-b8d3-09134add9843",
            "id": "/subscriptions/2ed610a2-b02c-4dcb-aaf8-c7ca6c810d1f/resourceGroups/tarefainfracloudterraform/providers/Microsoft.Network/virtualNetworks/vnet-tarefa",
            "location": "australiaeast",
            "name": "vnet-tarefa",
            "resource_group_name": "tarefainfracloudterraform",
            "subnet": [
              {
                "address_prefix": "10.0.1.0/24",
                "id": "/subscriptions/2ed610a2-b02c-4dcb-aaf8-c7ca6c810d1f/resourceGroups/tarefainfracloudterraform/providers/Microsoft.Network/virtualNetworks/vnet-tarefa/subnets/sub-tarefa",
                "name": "sub-tarefa",
                "security_group": ""
              }
            ],
            "tags": {
              "environment": "Production",
              "faculdade": "Impacta",
              "turma": "ES23"
            },
            "timeouts": null
          },
          "sensitive_attributes": [],
          "private": "eyJlMmJmYjczMC1lY2FhLTExZTYtOGY4OC0zNDM2M2JjN2M0YzAiOnsiY3JlYXRlIjoxODAwMDAwMDAwMDAwLCJkZWxldGUiOjE4MDAwMDAwMDAwMDAsInJlYWQiOjMwMDAwMDAwMDAwMCwidXBkYXRlIjoxODAwMDAwMDAwMDAwfX0=",
          "dependencies": [
            "azurerm_resource_group.rg-tarefainfracloud"
          ]
        }
      ]
    },
    {
      "mode": "managed",
      "type": "null_resource",
      "name": "install-apache",
      "provider": "provider[\"registry.terraform.io/hashicorp/null\"]",
      "instances": [
        {
          "schema_version": 0,
          "attributes": {
            "id": "2187926582337136573",
            "triggers": null
          },
          "sensitive_attributes": [],
          "private": "bnVsbA==",
          "dependencies": [
            "azurerm_network_interface.nic-tarefainfra",
            "azurerm_public_ip.ip-tarefainfra",
            "azurerm_resource_group.rg-tarefainfracloud",
            "azurerm_subnet.sub-tarefainfra",
            "azurerm_virtual_machine.vm-tarefainfra",
            "azurerm_virtual_network.vnet-tarefainfra",
            "data.azurerm_public_ip.ip-tarefa"
          ]
        }
      ]
    }
  ]
}
